
Microsoft Visual Studio Solution File, Format Version 12.00
# Visual Studio Version 16
VisualStudioVersion = 16.0.29326.143
MinimumVisualStudioVersion = 10.0.40219.1
Project("{FAE04EC0-301F-11D3-BF4B-00C04F79EFBC}") = "YGO_API", "YGO_API\YGO_API.csproj", "{DEE9E456-87A4-4ED9-B38A-ED52E4A24C89}"
EndProject
Global
	GlobalSection(SolutionConfigurationPlatforms) = preSolution
		Debug|Any CPU = Debug|Any CPU
		Release|Any CPU = Release|Any CPU
	EndGlobalSection
	GlobalSection(ProjectConfigurationPlatforms) = postSolution
		{DEE9E456-87A4-4ED9-B38A-ED52E4A24C89}.Debug|Any CPU.ActiveCfg = Debug|Any CPU
		{DEE9E456-87A4-4ED9-B38A-ED52E4A24C89}.Debug|Any CPU.Build.0 = Debug|Any CPU
		{DEE9E456-87A4-4ED9-B38A-ED52E4A24C89}.Release|Any CPU.ActiveCfg = Release|Any CPU
		{DEE9E456-87A4-4ED9-B38A-ED52E4A24C89}.Release|Any CPU.Build.0 = Release|Any CPU
	EndGlobalSection
	GlobalSection(SolutionProperties) = preSolution
		HideSolutionNode = FALSE
	EndGlobalSection
	GlobalSection(ExtensibilityGlobals) = postSolution
		SolutionGuid = {A1AE1451-2DF5-4368-BFBD-45913C8CE50A}
	EndGlobalSection
EndGlobal
